	<Project xmlns="http://schemas.microsoft.com/developer/msbuild/2003">
		<PropertyGroup>
			<ProjectGuid>{B5E5229D-7BAD-403C-B9C4-8F9C1BF775AE}</ProjectGuid>
			<ProjectVersion>13.4</ProjectVersion>
			<FrameworkType>None</FrameworkType>
			<Base>True</Base>
			<Config Condition="'$(Config)'==''">Debug</Config>
			<Platform Condition="'$(Platform)'==''">Win32</Platform>
			<TargetedPlatforms>1</TargetedPlatforms>
			<AppType>Console</AppType>
			<MainSource>Delphi2Xml.RunParam.Tests.dpr</MainSource>
		</PropertyGroup>
		<PropertyGroup Condition="'$(Config)'=='Base' or '$(Base)'!=''">
			<Base>true</Base>
		</PropertyGroup>
		<PropertyGroup Condition="('$(Platform)'=='Win64' and '$(Base)'=='true') or '$(Base_Win64)'!=''">
			<Base_Win64>true</Base_Win64>
			<CfgParent>Base</CfgParent>
			<Base>true</Base>
		</PropertyGroup>
		<PropertyGroup Condition="('$(Platform)'=='Win32' and '$(Base)'=='true') or '$(Base_Win32)'!=''">
			<Base_Win32>true</Base_Win32>
			<CfgParent>Base</CfgParent>
			<Base>true</Base>
		</PropertyGroup>
		<PropertyGroup Condition="'$(Config)'=='Debug' or '$(Cfg_1)'!=''">
			<Cfg_1>true</Cfg_1>
			<CfgParent>Base</CfgParent>
			<Base>true</Base>
		</PropertyGroup>
		<PropertyGroup Condition="('$(Platform)'=='Win32' and '$(Cfg_1)'=='true') or '$(Cfg_1_Win32)'!=''">
			<Cfg_1_Win32>true</Cfg_1_Win32>
			<CfgParent>Cfg_1</CfgParent>
			<Cfg_1>true</Cfg_1>
			<Base>true</Base>
		</PropertyGroup>
		<Import Condition="'$(Base)'!='' And Exists('..\..\Warnings.optset')" Project="..\..\Warnings.optset"/>
		<Import Condition="'$(Base)'!='' And Exists('..\..\CastaliaParser.optset')" Project="..\..\CastaliaParser.optset"/>
		<PropertyGroup Condition="'$(Base)'!=''">
			<DCC_Define>FASTMM;$(DCC_Define)</DCC_Define>
			<Manifest_File>None</Manifest_File>
			<VerInfo_Locale>5129</VerInfo_Locale>
			<DCC_UnitSearchPath>$(BDS)\Source\DUnit\src;..\..\Source;..\Source;..;$(DCC_UnitSearchPath)</DCC_UnitSearchPath>
			<DCC_UsePackage>DBXInterBaseDriver;DataSnapServer;DataSnapCommon;DbxCommonDriver;dbxcds;CustomIPTransport;dsnap;IndyCore;IPIndyImpl;bindcompfmx;dbrtl;bindcomp;inetdb;xmlrtl;bindengine;soaprtl;DBXInformixDriver;DBXFirebirdDriver;inet;DBXSybaseASADriver;dbexpress;fmx;IndySystem;DataSnapClient;DataSnapProviderClient;DBXOracleDriver;fmxase;inetdbxpress;rtl;DbxClientDriver;IndyProtocols;DBXMySQLDriver;fmxobj;fmxdae;DataSnapIndy10ServerTransport;$(DCC_UsePackage)</DCC_UsePackage>
			<VerInfo_Keys>CompanyName=;FileDescription=;FileVersion=1.0.0.0;InternalName=;LegalCopyright=;LegalTrademarks=;OriginalFilename=;ProductName=;ProductVersion=1.0.0.0;Comments=</VerInfo_Keys>
			<DCC_Namespace>System;Xml;Data;Datasnap;Web;Soap;Vcl;Vcl.Imaging;Vcl.Touch;Vcl.Samples;Vcl.Shell;$(DCC_Namespace)</DCC_Namespace>
			<DCC_DcuOutput>.\$(Platform)\$(Config)</DCC_DcuOutput>
			<CfgDependentOn>..\..\Warnings.optset;..\..\CastaliaParser.optset</CfgDependentOn>
		</PropertyGroup>
		<PropertyGroup Condition="'$(Base_Win64)'!=''">
			<DCC_Namespace>Winapi;System.Win;Data.Win;Datasnap.Win;Web.Win;Soap.Win;Xml.Win;$(DCC_Namespace)</DCC_Namespace>
			<VerInfo_Locale>1033</VerInfo_Locale>
			<DCC_UsePackage>cxPageControlD16;dxComnD16;dxPSCoreD16;dcldxSkinsCoreD16;cxSpreadSheetD16;dxSkinHighContrastD16;dxSkinLiquidSkyD16;dxSkinSilverD16;vclimg;dxSkinOffice2010SilverD16;dxSkinOffice2010BlackD16;vcldb;dxRibbonD16;cxVerticalGridD16;dxSkinLilianD16;dxThemeD16;dxSkinBlueD16;cxTreeListdxBarPopupMenuD16;dxSkinOffice2010BlueD16;dxGDIPlusD16;dxPSdxDBTVLnkD16;dxSkinTheAsphaltWorldD16;dxSkinSevenD16;cxTreeListD16;cxLibraryD16;dxPSdxDBOCLnkD16;dxPScxSchedulerLnkD16;dxSkinPumpkinD16;dxBarExtItemsD16;dxLayoutControlD16;dxDockingD16;dxSkinXmas2008BlueD16;dxSkinMcSkinD16;cxPivotGridD16;dxPSTeeChartD16;cxEditorsD16;dxPScxCommonD16;DBXOdbcDriver;dxPSLnksD16;dxBarExtDBItemsD16;SynEdit_RXE2;dxmdsD16;dxSkinsCoreD16;vclactnband;bindcompvcl;dxSkinSummer2008D16;dxTabbedMDID16;vclie;dxPSdxLCLnkD16;dxSkinSharpPlusD16;dxSkinBlackD16;dsnapcon;vclx;dxSkinsdxBarPainterD16;dxPScxTLLnkD16;cxSchedulerD16;dxSkinValentineD16;dxSkinWhiteprintD16;cxPageControldxBarPopupMenuD16;cxDataD16;dxSkinOffice2007SilverD16;dxPSdxFCLnkD16;cxBarEditItemD16;TeeDB;dxNavBarD16;dxSkinSpringTimeD16;dxPSDBTeeChartD16;dxSkinOffice2007BlueD16;dxSkinsdxNavBarPainterD16;cxPivotGridOLAPD16;dxdbtrD16;DBXSybaseASEDriver;dxBarDBNavD16;dxSkinGlassOceansD16;dxSkinStardustD16;dxCoreD16;dxorgcD16;vcldsnap;dxSkinDarkSideD16;dxPScxExtCommonD16;dxSkinscxPCPainterD16;DBXDb2Driver;dxdborD16;vcl;dxPSdxOCLnkD16;dxPScxSSLnkD16;DBXMSSQLDriver;dxSkinCoffeeD16;dxSkinscxSchedulerPainterD16;dxSkinDarkRoomD16;dxPScxVGridLnkD16;dxPScxPivotGridLnkD16;webdsnap;dxBarD16;dxPScxPCProdD16;dxSkinDevExpressStyleD16;dxSkiniMaginaryD16;dxSkinOffice2007BlackD16;adortl;dxPScxGridLnkD16;dxSkinLondonLiquidSkyD16;dxPsPrVwAdvD16;dxSkinOffice2007GreenD16;dxSkinSharpD16;Tee;dxSkinSevenClassicD16;dxSkinsdxDLPainterD16;dxPSPrVwRibbonD16;dxSkinBlueprintD16;TeeUI;dxSkinMoneyTwinsD16;dxSkinDevExpressDarkStyleD16;dxSkinCaramelD16;vcltouch;websnap;dxSkinFoggyD16;VclSmp;dxFlowChartD16;dxSkinsdxRibbonPainterD16;dxSkinVS2010D16;cxGridD16;dxSkinOffice2007PinkD16;$(DCC_UsePackage)</DCC_UsePackage>
			<VerInfo_Keys>CompanyName=;FileDescription=;FileVersion=1.0.0.0;InternalName=;LegalCopyright=;LegalTrademarks=;OriginalFilename=;ProductName=;ProductVersion=1.0.0.0;Comments=</VerInfo_Keys>
		</PropertyGroup>
		<PropertyGroup Condition="'$(Base_Win32)'!=''">
			<DCC_Namespace>Winapi;System.Win;Data.Win;Datasnap.Win;Web.Win;Soap.Win;Xml.Win;Bde;$(DCC_Namespace)</DCC_Namespace>
			<VerInfo_Locale>1033</VerInfo_Locale>
			<DCC_UsePackage>dclRBADO1416;cxPageControlD16;dxComnD16;dxPSCoreD16;rbRAP1416;dcldxSkinsCoreD16;rbRCL1416;cxSpreadSheetD16;dxSkinHighContrastD16;dxSkinLiquidSkyD16;dxSkinSilverD16;vclimg;fmi;dxSkinOffice2010SilverD16;dxSkinOffice2010BlackD16;vcldb;rbRTL1416;cxPivotGridChartD16;rbUSER1416;dxRibbonD16;cxVerticalGridD16;dxSkinLilianD16;dxThemeD16;dxSkinBlueD16;dclRBBDE1416;cxSchedulerGridD16;rbCIDE1416;cxTreeListdxBarPopupMenuD16;dxSkinOffice2010BlueD16;rbDIDE1416;dxGDIPlusD16;CloudService;dxPSdxDBTVLnkD16;FmxTeeUI;dxSkinTheAsphaltWorldD16;dxSkinSevenD16;cxTreeListD16;cxLibraryD16;dxPSdxDBOCLnkD16;dxPScxSchedulerLnkD16;dxSkinPumpkinD16;dxBarExtItemsD16;dxLayoutControlD16;dxDockingD16;vcldbx;dxSkinXmas2008BlueD16;dxSkinMcSkinD16;cxPivotGridD16;dxPSTeeChartD16;cxEditorsD16;dxPScxCommonD16;DBXOdbcDriver;dxPSLnksD16;dxBarExtDBItemsD16;ibxpress;SynEdit_RXE2;RapidXE2;dxmdsD16;dxSkinsCoreD16;intrawebdb_120_160;FMXTee;vclactnband;bindcompvcl;dxSkinSummer2008D16;dxTabbedMDID16;vclie;rbIDE1416;dxPSdxLCLnkD16;dxSkinSharpPlusD16;dxSkinBlackD16;dsnapcon;vclx;dxSkinsdxBarPainterD16;dxPScxTLLnkD16;cxSchedulerD16;dxSkinValentineD16;dxSkinWhiteprintD16;cxPageControldxBarPopupMenuD16;cxDataD16;dxSkinOffice2007SilverD16;dxPSdxFCLnkD16;cxBarEditItemD16;TeeDB;plugedXE2;dxNavBarD16;dxSkinSpringTimeD16;Rave100VCL;vclib;inetdbbde;dxPSDBTeeChartD16;dxSkinOffice2007BlueD16;dxSkinsdxNavBarPainterD16;cxPivotGridOLAPD16;dxSpellCheckerD16;dxdbtrD16;DBXSybaseASEDriver;dxBarDBNavD16;dxSkinGlassOceansD16;dxSkinStardustD16;dxCoreD16;dxorgcD16;vcldsnap;dxSkinDarkSideD16;dxPScxExtCommonD16;dxSkinscxPCPainterD16;DBXDb2Driver;Intraweb_120_160;vclribbon;dxdborD16;vcl;rbTCUI1416;dxPSdxOCLnkD16;dxPScxSSLnkD16;DBXMSSQLDriver;CodeSiteExpressPkg;dxSkinCoffeeD16;dxSkinscxSchedulerPainterD16;dclRBE1416;dxSkinDarkRoomD16;dxPScxVGridLnkD16;dxPScxPivotGridLnkD16;webdsnap;dxBarD16;dxPScxPCProdD16;dxtrmdD16;rbRIDE1416;rbDAD1416;dxSkinDevExpressStyleD16;dxSkiniMaginaryD16;dxSkinOffice2007BlackD16;adortl;dxPScxGridLnkD16;rbUSERDesign1416;dxSkinLondonLiquidSkyD16;dxPsPrVwAdvD16;dxSkinOffice2007GreenD16;dxSkinSharpD16;Tee;rbDBDE1416;dxSkinSevenClassicD16;svnui;rbTC1416;dxSkinsdxDLPainterD16;dxPSPrVwRibbonD16;dxSkinBlueprintD16;TeeUI;dxSkinMoneyTwinsD16;rbADO1416;dxSkinDevExpressDarkStyleD16;dxSkinCaramelD16;vcltouch;rbBDE1416;websnap;dxSkinFoggyD16;VclSmp;rbDB1416;dxFlowChartD16;dxSkinsdxRibbonPainterD16;DataSnapConnectors;dxSkinVS2010D16;cxGridD16;dxSkinOffice2007PinkD16;svn;tflytreeproXE2;bdertl;$(DCC_UsePackage)</DCC_UsePackage>
		</PropertyGroup>
		<PropertyGroup Condition="'$(Cfg_1)'!=''">
			<DCC_Define>DEBUG;$(DCC_Define)</DCC_Define>
			<DCC_Optimize>false</DCC_Optimize>
			<DCC_GenerateStackFrames>true</DCC_GenerateStackFrames>
			<DCC_DebugInfoInExe>true</DCC_DebugInfoInExe>
			<DCC_RemoteDebug>true</DCC_RemoteDebug>
		</PropertyGroup>
		<PropertyGroup Condition="'$(Cfg_1_Win32)'!=''">
			<ILINK_FullDebugInfo>true</ILINK_FullDebugInfo>
			<BCC_DebugLineNumbers>true</BCC_DebugLineNumbers>
			<Debugger_RunParams></Debugger_RunParams>
			<BCC_SourceDebuggingOn>true</BCC_SourceDebuggingOn>
			<VerInfo_Locale>1033</VerInfo_Locale>
			<Debugger_CWD>..</Debugger_CWD>
		</PropertyGroup>
		<Import Condition="'$(Base)'!='' And Exists('..\Warnings.optset')" Project="..\Warnings.optset"/>
		<Import Condition="'$(Base)'!='' And Exists('..\CastaliaParser.optset')" Project="..\CastaliaParser.optset"/>
		<Import Condition="'$(Base)'!='' And Exists('Warnings.optset')" Project="Warnings.optset"/>
		<ItemGroup>
			<DelphiCompile Include="$(MainSource)">
				<MainSource>MainSource</MainSource>
			</DelphiCompile>
			<DCCReference Include="..\..\FastMM4\FastMM4.pas"/>
			<DCCReference Include="..\..\FastMM4\FastMM4Messages.pas"/>
			<DCCReference Include="..\Test.RunParam.Tests.pas"/>
			<None Include="Profiling\Delphi2Xml.RunParam.Tests.aqt"/>
			<BuildConfiguration Include="Base">
				<Key>Base</Key>
				<DependentOn>..\..\Warnings.optset;..\..\CastaliaParser.optset</DependentOn>
			</BuildConfiguration>
			<BuildConfiguration Include="Debug">
				<Key>Cfg_1</Key>
				<CfgParent>Base</CfgParent>
			</BuildConfiguration>
		</ItemGroup>
		<ProjectExtensions>
			<Borland.Personality>Delphi.Personality.12</Borland.Personality>
			<Borland.ProjectType/>
			<BorlandProject>
				<Delphi.Personality>
					<VersionInfo>
						<VersionInfo Name="IncludeVerInfo">False</VersionInfo>
						<VersionInfo Name="AutoIncBuild">False</VersionInfo>
						<VersionInfo Name="MajorVer">1</VersionInfo>
						<VersionInfo Name="MinorVer">0</VersionInfo>
						<VersionInfo Name="Release">0</VersionInfo>
						<VersionInfo Name="Build">0</VersionInfo>
						<VersionInfo Name="Debug">False</VersionInfo>
						<VersionInfo Name="PreRelease">False</VersionInfo>
						<VersionInfo Name="Special">False</VersionInfo>
						<VersionInfo Name="Private">False</VersionInfo>
						<VersionInfo Name="DLL">False</VersionInfo>
						<VersionInfo Name="Locale">5129</VersionInfo>
						<VersionInfo Name="CodePage">1252</VersionInfo>
					</VersionInfo>
					<VersionInfoKeys>
						<VersionInfoKeys Name="CompanyName"/>
						<VersionInfoKeys Name="FileDescription"/>
						<VersionInfoKeys Name="FileVersion">1.0.0.0</VersionInfoKeys>
						<VersionInfoKeys Name="InternalName"/>
						<VersionInfoKeys Name="LegalCopyright"/>
						<VersionInfoKeys Name="LegalTrademarks"/>
						<VersionInfoKeys Name="OriginalFilename"/>
						<VersionInfoKeys Name="ProductName"/>
						<VersionInfoKeys Name="ProductVersion">1.0.0.0</VersionInfoKeys>
						<VersionInfoKeys Name="Comments"/>
					</VersionInfoKeys>
					<Excluded_Packages>
						<Excluded_Packages Name="$(BDSBIN)\dcloffice2k160.bpl">Microsoft Office 2000 Sample Automation Server Wrapper Components</Excluded_Packages>
						<Excluded_Packages Name="$(BDSBIN)\dclofficexp160.bpl">Microsoft Office XP Sample Automation Server Wrapper Components</Excluded_Packages>
					</Excluded_Packages>
					<Source>
						<Source Name="MainSource">Delphi2Xml.RunParam.Tests.dpr</Source>
					</Source>
				</Delphi.Personality>
				<Deployment/>
				<Platforms>
					<Platform value="Win64">False</Platform>
					<Platform value="OSX32">False</Platform>
					<Platform value="Win32">True</Platform>
				</Platforms>
				<UnitTesting>
					<TestFramework>DUnit / Delphi Win32</TestFramework>
					<TestRunner>GUI</TestRunner>
					<TestProjectName/>
					<SourceProjectName/>
				</UnitTesting>
			</BorlandProject>
			<ProjectFileVersion>12</ProjectFileVersion>
		</ProjectExtensions>
		<Import Condition="Exists('$(BDS)\Bin\CodeGear.Delphi.Targets')" Project="$(BDS)\Bin\CodeGear.Delphi.Targets"/>
		<Import Condition="Exists('$(APPDATA)\Embarcadero\$(BDSAPPDATABASEDIR)\$(PRODUCTVERSION)\UserTools.proj')" Project="$(APPDATA)\Embarcadero\$(BDSAPPDATABASEDIR)\$(PRODUCTVERSION)\UserTools.proj"/>
	</Project>
